// !$*UTF8*$!
{
	archiveVersion = 1;
	classes = {
	};
	objectVersion = 77;
	objects = {

/* Begin PBXBuildFile section */
		1E3238D02F5B55E20081F9E9 /* EnvObjects in Frameworks */ = {isa = PBXBuildFile; productRef = 1E3238CF2F5B55E20081F9E9 /* EnvObjects */; };
		1E3238D72F5B56AF0081F9E9 /* ListUI in Frameworks */ = {isa = PBXBuildFile; productRef = 1E3238D62F5B56AF0081F9E9 /* ListUI */; };
		1E3238DC2F5B74E40081F9E9 /* DetailsUI in Frameworks */ = {isa = PBXBuildFile; productRef = 1E3238DB2F5B74E40081F9E9 /* DetailsUI */; };
		1E65B89A2F5AE6DC00A1370D /* Models in Frameworks */ = {isa = PBXBuildFile; productRef = 1E65B8992F5AE6DC00A1370D /* Models */; };
		1E65B89C2F5AE6DF00A1370D /* NetworkClient in Frameworks */ = {isa = PBXBuildFile; productRef = 1E65B89B2F5AE6DF00A1370D /* NetworkClient */; };
		1E65B89E2F5AE6E300A1370D /* Utils in Frameworks */ = {isa = PBXBuildFile; productRef = 1E65B89D2F5AE6E300A1370D /* Utils */; };
		24AB47102F5C734400F033BE /* ReusableComponents in Frameworks */ = {isa = PBXBuildFile; productRef = 24AB470F2F5C734400F033BE /* ReusableComponents */; };
/* End PBXBuildFile section */

/* Begin PBXFileReference section */
		1E3238CC2F5B54890081F9E9 /* EnvObjects */ = {isa = PBXFileReference; lastKnownFileType = wrapper; name = EnvObjects; path = MovieDiary/Packages/EnvObjects; sourceTree = "<group>"; };
		1E3238D32F5B56A80081F9E9 /* ListUI */ = {isa = PBXFileReference; lastKnownFileType = wrapper; name = ListUI; path = MovieDiary/Packages/ListUI; sourceTree = "<group>"; };
		1E3238DA2F5B747F0081F9E9 /* DetailsUI */ = {isa = PBXFileReference; lastKnownFileType = wrapper; name = DetailsUI; path = MovieDiary/Packages/DetailsUI; sourceTree = "<group>"; };
		1E65B8962F5AE45F00A1370D /* NetworkClient */ = {isa = PBXFileReference; lastKnownFileType = wrapper; name = NetworkClient; path = MovieDiary/Packages/NetworkClient; sourceTree = "<group>"; };
		1E66675A2F5AD9D200C55B13 /* Models */ = {isa = PBXFileReference; lastKnownFileType = wrapper; name = Models; path = MovieDiary/Packages/Models; sourceTree = "<group>"; };
		1E66675D2F5AE1A100C55B13 /* Utils */ = {isa = PBXFileReference; lastKnownFileType = wrapper; name = Utils; path = MovieDiary/Packages/Utils; sourceTree = "<group>"; };
		24AB470C2F5C6E8B00F033BE /* ReusableComponents */ = {isa = PBXFileReference; lastKnownFileType = wrapper; name = ReusableComponents; path = MovieDiary/Packages/ReusableComponents; sourceTree = "<group>"; };
		24AB47112F5CA8B100F033BE /* Genre.swift */ = {isa = PBXFileReference; lastKnownFileType = sourcecode.swift; path = Genre.swift; sourceTree = "<group>"; };
		24AB47122F5CA90600F033BE /* ProductionCompany.swift */ = {isa = PBXFileReference; lastKnownFileType = sourcecode.swift; path = ProductionCompany.swift; sourceTree = "<group>"; };
		24D479042F4C7FA60031C7D7 /* MovieDiary.app */ = {isa = PBXFileReference; explicitFileType = wrapper.application; includeInIndex = 0; path = MovieDiary.app; sourceTree = BUILT_PRODUCTS_DIR; };
/* End PBXFileReference section */

/* Begin PBXFileSystemSynchronizedBuildFileExceptionSet section */
		24D4791E2F4CB7A20031C7D7 /* Exceptions for "MovieDiary" folder in "MovieDiary" target */ = {
			isa = PBXFileSystemSynchronizedBuildFileExceptionSet;
			membershipExceptions = (
				Info.plist,
			);
			target = 24D479032F4C7FA60031C7D7 /* MovieDiary */;
		};
/* End PBXFileSystemSynchronizedBuildFileExceptionSet section */

/* Begin PBXFileSystemSynchronizedRootGroup section */
		24D479062F4C7FA60031C7D7 /* MovieDiary */ = {
			isa = PBXFileSystemSynchronizedRootGroup;
			exceptions = (
				24D4791E2F4CB7A20031C7D7 /* Exceptions for "MovieDiary" folder in "MovieDiary" target */,
			);
			path = MovieDiary;
			sourceTree = "<group>";
		};
/* End PBXFileSystemSynchronizedRootGroup section */

/* Begin PBXFrameworksBuildPhase section */
		24D479012F4C7FA60031C7D7 /* Frameworks */ = {
			isa = PBXFrameworksBuildPhase;
			buildActionMask = 2147483647;
			files = (
				1E3238D72F5B56AF0081F9E9 /* ListUI in Frameworks */,
				1E65B89E2F5AE6E300A1370D /* Utils in Frameworks */,
				1E3238D02F5B55E20081F9E9 /* EnvObjects in Frameworks */,
				24AB47102F5C734400F033BE /* ReusableComponents in Frameworks */,
				1E65B89C2F5AE6DF00A1370D /* NetworkClient in Frameworks */,
				1E65B89A2F5AE6DC00A1370D /* Models in Frameworks */,
				1E3238DC2F5B74E40081F9E9 /* DetailsUI in Frameworks */,
			);
			runOnlyForDeploymentPostprocessing = 0;
		};
/* End PBXFrameworksBuildPhase section */

/* Begin PBXGroup section */
		1E6667522F5ACF1F00C55B13 /* Frameworks */ = {
			isa = PBXGroup;
			children = (
			);
			name = Frameworks;
			sourceTree = "<group>";
		};
		24D478FB2F4C7FA60031C7D7 = {
			isa = PBXGroup;
			children = (
				24AB470C2F5C6E8B00F033BE /* ReusableComponents */,
				24D479062F4C7FA60031C7D7 /* MovieDiary */,
				1E6667522F5ACF1F00C55B13 /* Frameworks */,
				1E3238DA2F5B747F0081F9E9 /* DetailsUI */,
				1E3238CC2F5B54890081F9E9 /* EnvObjects */,
				1E3238D32F5B56A80081F9E9 /* ListUI */,
				1E66675A2F5AD9D200C55B13 /* Models */,
				1E65B8962F5AE45F00A1370D /* NetworkClient */,
				1E66675D2F5AE1A100C55B13 /* Utils */,
				24D479052F4C7FA60031C7D7 /* Products */,
				24AB47112F5CA8B100F033BE /* Genre.swift */,
				24AB47122F5CA90600F033BE /* ProductionCompany.swift */,
			);
			sourceTree = "<group>";
		};
		24D479052F4C7FA60031C7D7 /* Products */ = {
			isa = PBXGroup;
			children = (
				24D479042F4C7FA60031C7D7 /* MovieDiary.app */,
			);
			name = Products;
			sourceTree = "<group>";
		};
/* End PBXGroup section */

/* Begin PBXNativeTarget section */
		24D479032F4C7FA60031C7D7 /* MovieDiary */ = {
			isa = PBXNativeTarget;
			buildConfigurationList = 24D4790F2F4C7FA70031C7D7 /* Build configuration list for PBXNativeTarget "MovieDiary" */;
			buildPhases = (
				24D479002F4C7FA60031C7D7 /* Sources */,
				24D479012F4C7FA60031C7D7 /* Frameworks */,
				24D479022F4C7FA60031C7D7 /* Resources */,
			);
			buildRules = (
			);
			dependencies = (
			);
			fileSystemSynchronizedGroups = (
				24D479062F4C7FA60031C7D7 /* MovieDiary */,
			);
			name = MovieDiary;
			packageProductDependencies = (
				1E65B8992F5AE6DC00A1370D /* Models */,
				1E65B89B2F5AE6DF00A1370D /* NetworkClient */,
				1E65B89D2F5AE6E300A1370D /* Utils */,
				1E3238CF2F5B55E20081F9E9 /* EnvObjects */,
				1E3238D62F5B56AF0081F9E9 /* ListUI */,
				1E3238DB2F5B74E40081F9E9 /* DetailsUI */,
				24AB470F2F5C734400F033BE /* ReusableComponents */,
			);
			productName = MovieDiary;
			productReference = 24D479042F4C7FA60031C7D7 /* MovieDiary.app */;
			productType = "com.apple.product-type.application";
		};
/* End PBXNativeTarget section */

/* Begin PBXProject section */
		24D478FC2F4C7FA60031C7D7 /* Project object */ = {
			isa = PBXProject;
			attributes = {
				BuildIndependentTargetsInParallel = 1;
				LastSwiftUpdateCheck = 2620;
				LastUpgradeCheck = 2620;
				TargetAttributes = {
					24D479032F4C7FA60031C7D7 = {
						CreatedOnToolsVersion = 26.2;
					};
				};
			};
			buildConfigurationList = 24D478FF2F4C7FA60031C7D7 /* Build configuration list for PBXProject "MovieDiary" */;
			developmentRegion = en;
			hasScannedForEncodings = 0;
			knownRegions = (
				en,
				Base,
			);
			mainGroup = 24D478FB2F4C7FA60031C7D7;
			minimizedProjectReferenceProxies = 1;
			packageReferences = (
			);
			preferredProjectObjectVersion = 77;
			productRefGroup = 24D479052F4C7FA60031C7D7 /* Products */;
			projectDirPath = "";
			projectRoot = "";
			targets = (
				24D479032F4C7FA60031C7D7 /* MovieDiary */,
			);
		};
/* End PBXProject section */

/* Begin PBXResourcesBuildPhase section */
		24D479022F4C7FA60031C7D7 /* Resources */ = {
			isa = PBXResourcesBuildPhase;
			buildActionMask = 2147483647;
			files = (
			);
			runOnlyForDeploymentPostprocessing = 0;
		};
/* End PBXResourcesBuildPhase section */

/* Begin PBXSourcesBuildPhase section */
		24D479002F4C7FA60031C7D7 /* Sources */ = {
			isa = PBXSourcesBuildPhase;
			buildActionMask = 2147483647;
			files = (
			);
			runOnlyForDeploymentPostprocessing = 0;
		};
/* End PBXSourcesBuildPhase section */

/* Begin XCBuildConfiguration section */
		24D4790D2F4C7FA70031C7D7 /* Debug */ = {
			isa = XCBuildConfiguration;
			buildSettings = {
				ALWAYS_SEARCH_USER_PATHS = NO;
				ASSETCATALOG_COMPILER_GENERATE_SWIFT_ASSET_SYMBOL_EXTENSIONS = YES;
				CLANG_ANALYZER_NONNULL = YES;
				CLANG_ANALYZER_NUMBER_OBJECT_CONVERSION = YES_AGGRESSIVE;
				CLANG_CXX_LANGUAGE_STANDARD = "gnu++20";
				CLANG_ENABLE_MODULES = YES;
				CLANG_ENABLE_OBJC_ARC = YES;
				CLANG_ENABLE_OBJC_WEAK = YES;
				CLANG_WARN_BLOCK_CAPTURE_AUTORELEASING = YES;
				CLANG_WARN_BOOL_CONVERSION = YES;
				CLANG_WARN_COMMA = YES;
				CLANG_WARN_CONSTANT_CONVERSION = YES;
				CLANG_WARN_DEPRECATED_OBJC_IMPLEMENTATIONS = YES;
				CLANG_WARN_DIRECT_OBJC_ISA_USAGE = YES_ERROR;
				CLANG_WARN_DOCUMENTATION_COMMENTS = YES;
				CLANG_WARN_EMPTY_BODY = YES;
				CLANG_WARN_ENUM_CONVERSION = YES;
				CLANG_WARN_INFINITE_RECURSION = YES;
				CLANG_WARN_INT_CONVERSION = YES;
				CLANG_WARN_NON_LITERAL_NULL_CONVERSION = YES;
				CLANG_WARN_OBJC_IMPLICIT_RETAIN_SELF = YES;
				CLANG_WARN_OBJC_LITERAL_CONVERSION = YES;
				CLANG_WARN_OBJC_ROOT_CLASS = YES_ERROR;
				CLANG_WARN_QUOTED_INCLUDE_IN_FRAMEWORK_HEADER = YES;
				CLANG_WARN_RANGE_LOOP_ANALYSIS = YES;
				CLANG_WARN_STRICT_PROTOTYPES = YES;
				CLANG_WARN_SUSPICIOUS_MOVE = YES;
				CLANG_WARN_UNGUARDED_AVAILABILITY = YES_AGGRESSIVE;
				CLANG_WARN_UNREACHABLE_CODE = YES;
				CLANG_WARN__DUPLICATE_METHOD_MATCH = YES;
				COPY_PHASE_STRIP = NO;
				DEBUG_INFORMATION_FORMAT = dwarf;
				DEVELOPMENT_TEAM = FU45F4SL37;
				ENABLE_STRICT_OBJC_MSGSEND = YES;
				ENABLE_TESTABILITY = YES;
				ENABLE_USER_SCRIPT_SANDBOXING = YES;
				GCC_C_LANGUAGE_STANDARD = gnu17;
				GCC_DYNAMIC_NO_PIC = NO;
				GCC_NO_COMMON_BLOCKS = YES;
				GCC_OPTIMIZATION_LEVEL = 0;
				GCC_PREPROCESSOR_DEFINITIONS = (
					"DEBUG=1",
					"$(inherited)",
				);
				GCC_WARN_64_TO_32_BIT_CONVERSION = YES;
				GCC_WARN_ABOUT_RETURN_TYPE = YES_ERROR;
				GCC_WARN_UNDECLARED_SELECTOR = YES;
				GCC_WARN_UNINITIALIZED_AUTOS = YES_AGGRESSIVE;
				GCC_WARN_UNUSED_FUNCTION = YES;
				GCC_WARN_UNUSED_VARIABLE = YES;
				IPHONEOS_DEPLOYMENT_TARGET = 26.2;
				LOCALIZATION_PREFERS_STRING_CATALOGS = YES;
				MTL_ENABLE_DEBUG_INFO = INCLUDE_SOURCE;
				MTL_FAST_MATH = YES;
				ONLY_ACTIVE_ARCH = YES;
				SDKROOT = iphoneos;
				SWIFT_ACTIVE_COMPILATION_CONDITIONS = "DEBUG $(inherited)";
				SWIFT_OPTIMIZATION_LEVEL = "-Onone";
			};
			name = Debug;
		};
		24D4790E2F4C7FA70031C7D7 /* Release */ = {
			isa = XCBuildConfiguration;
			buildSettings = {
				ALWAYS_SEARCH_USER_PATHS = NO;
				ASSETCATALOG_COMPILER_GENERATE_SWIFT_ASSET_SYMBOL_EXTENSIONS = YES;
				CLANG_ANALYZER_NONNULL = YES;
				CLANG_ANALYZER_NUMBER_OBJECT_CONVERSION = YES_AGGRESSIVE;
				CLANG_CXX_LANGUAGE_STANDARD = "gnu++20";
				CLANG_ENABLE_MODULES = YES;
				CLANG_ENABLE_OBJC_ARC = YES;
				CLANG_ENABLE_OBJC_WEAK = YES;
				CLANG_WARN_BLOCK_CAPTURE_AUTORELEASING = YES;
				CLANG_WARN_BOOL_CONVERSION = YES;
				CLANG_WARN_COMMA = YES;
				CLANG_WARN_CONSTANT_CONVERSION = YES;
				CLANG_WARN_DEPRECATED_OBJC_IMPLEMENTATIONS = YES;
				CLANG_WARN_DIRECT_OBJC_ISA_USAGE = YES_ERROR;
				CLANG_WARN_DOCUMENTATION_COMMENTS = YES;
				CLANG_WARN_EMPTY_BODY = YES;
				CLANG_WARN_ENUM_CONVERSION = YES;
				CLANG_WARN_INFINITE_RECURSION = YES;
				CLANG_WARN_INT_CONVERSION = YES;
				CLANG_WARN_NON_LITERAL_NULL_CONVERSION = YES;
				CLANG_WARN_OBJC_IMPLICIT_RETAIN_SELF = YES;
				CLANG_WARN_OBJC_LITERAL_CONVERSION = YES;
				CLANG_WARN_OBJC_ROOT_CLASS = YES_ERROR;
				CLANG_WARN_QUOTED_INCLUDE_IN_FRAMEWORK_HEADER = YES;
				CLANG_WARN_RANGE_LOOP_ANALYSIS = YES;
				CLANG_WARN_STRICT_PROTOTYPES = YES;
				CLANG_WARN_SUSPICIOUS_MOVE = YES;
				CLANG_WARN_UNGUARDED_AVAILABILITY = YES_AGGRESSIVE;
				CLANG_WARN_UNREACHABLE_CODE = YES;
				CLANG_WARN__DUPLICATE_METHOD_MATCH = YES;
				COPY_PHASE_STRIP = NO;
				DEBUG_INFORMATION_FORMAT = "dwarf-with-dsym";
				DEVELOPMENT_TEAM = FU45F4SL37;
				ENABLE_NS_ASSERTIONS = NO;
				ENABLE_STRICT_OBJC_MSGSEND = YES;
				ENABLE_USER_SCRIPT_SANDBOXING = YES;
				GCC_C_LANGUAGE_STANDARD = gnu17;
				GCC_NO_COMMON_BLOCKS = YES;
				GCC_WARN_64_TO_32_BIT_CONVERSION = YES;
				GCC_WARN_ABOUT_RETURN_TYPE = YES_ERROR;
				GCC_WARN_UNDECLARED_SELECTOR = YES;
				GCC_WARN_UNINITIALIZED_AUTOS = YES_AGGRESSIVE;
				GCC_WARN_UNUSED_FUNCTION = YES;
				GCC_WARN_UNUSED_VARIABLE = YES;
				IPHONEOS_DEPLOYMENT_TARGET = 26.2;
				LOCALIZATION_PREFERS_STRING_CATALOGS = YES;
				MTL_ENABLE_DEBUG_INFO = NO;
				MTL_FAST_MATH = YES;
				SDKROOT = iphoneos;
				SWIFT_COMPILATION_MODE = wholemodule;
				VALIDATE_PRODUCT = YES;
			};
			name = Release;
		};
		24D479102F4C7FA70031C7D7 /* Debug */ = {
			isa = XCBuildConfiguration;
			buildSettings = {
				ASSETCATALOG_COMPILER_APPICON_NAME = AppIcon;
				ASSETCATALOG_COMPILER_GLOBAL_ACCENT_COLOR_NAME = AccentColor;
				CODE_SIGN_STYLE = Automatic;
				CURRENT_PROJECT_VERSION = 1;
				DEVELOPMENT_TEAM = 88RYSM4944;
				ENABLE_PREVIEWS = YES;
				GENERATE_INFOPLIST_FILE = YES;
				INFOPLIST_FILE = MovieDiary/Info.plist;
				INFOPLIST_KEY_UIApplicationSceneManifest_Generation = YES;
				INFOPLIST_KEY_UIApplicationSupportsIndirectInputEvents = YES;
				INFOPLIST_KEY_UILaunchScreen_Generation = YES;
				INFOPLIST_KEY_UISupportedInterfaceOrientations_iPad = "UIInterfaceOrientationPortrait UIInterfaceOrientationPortraitUpsideDown UIInterfaceOrientationLandscapeLeft UIInterfaceOrientationLandscapeRight";
				INFOPLIST_KEY_UISupportedInterfaceOrientations_iPhone = "UIInterfaceOrientationPortrait UIInterfaceOrientationLandscapeLeft UIInterfaceOrientationLandscapeRight";
				LD_RUNPATH_SEARCH_PATHS = (
					"$(inherited)",
					"@executable_path/Frameworks",
				);
				MARKETING_VERSION = 1.0;
				PRODUCT_BUNDLE_IDENTIFIER = com.ogrodowskitomaszdev.MovieDiary;
				PRODUCT_NAME = "$(TARGET_NAME)";
				STRING_CATALOG_GENERATE_SYMBOLS = YES;
				SWIFT_APPROACHABLE_CONCURRENCY = YES;
				SWIFT_DEFAULT_ACTOR_ISOLATION = MainActor;
				SWIFT_EMIT_LOC_STRINGS = YES;
				SWIFT_UPCOMING_FEATURE_MEMBER_IMPORT_VISIBILITY = YES;
				SWIFT_VERSION = 6.0;
				TARGETED_DEVICE_FAMILY = "1,2";
			};
			name = Debug;
		};
		24D479112F4C7FA70031C7D7 /* Release */ = {
			isa = XCBuildConfiguration;
			buildSettings = {
				ASSETCATALOG_COMPILER_APPICON_NAME = AppIcon;
				ASSETCATALOG_COMPILER_GLOBAL_ACCENT_COLOR_NAME = AccentColor;
				CODE_SIGN_STYLE = Automatic;
				CURRENT_PROJECT_VERSION = 1;
				DEVELOPMENT_TEAM = 88RYSM4944;
				ENABLE_PREVIEWS = YES;
				GENERATE_INFOPLIST_FILE = YES;
				INFOPLIST_FILE = MovieDiary/Info.plist;
				INFOPLIST_KEY_UIApplicationSceneManifest_Generation = YES;
				INFOPLIST_KEY_UIApplicationSupportsIndirectInputEvents = YES;
				INFOPLIST_KEY_UILaunchScreen_Generation = YES;
				INFOPLIST_KEY_UISupportedInterfaceOrientations_iPad = "UIInterfaceOrientationPortrait UIInterfaceOrientationPortraitUpsideDown UIInterfaceOrientationLandscapeLeft UIInterfaceOrientationLandscapeRight";
				INFOPLIST_KEY_UISupportedInterfaceOrientations_iPhone = "UIInterfaceOrientationPortrait UIInterfaceOrientationLandscapeLeft UIInterfaceOrientationLandscapeRight";
				LD_RUNPATH_SEARCH_PATHS = (
					"$(inherited)",
					"@executable_path/Frameworks",
				);
				MARKETING_VERSION = 1.0;
				PRODUCT_BUNDLE_IDENTIFIER = com.ogrodowskitomaszdev.MovieDiary;
				PRODUCT_NAME = "$(TARGET_NAME)";
				STRING_CATALOG_GENERATE_SYMBOLS = YES;
				SWIFT_APPROACHABLE_CONCURRENCY = YES;
				SWIFT_DEFAULT_ACTOR_ISOLATION = MainActor;
				SWIFT_EMIT_LOC_STRINGS = YES;
				SWIFT_UPCOMING_FEATURE_MEMBER_IMPORT_VISIBILITY = YES;
				SWIFT_VERSION = 6.0;
				TARGETED_DEVICE_FAMILY = "1,2";
			};
			name = Release;
		};
/* End XCBuildConfiguration section */

/* Begin XCConfigurationList section */
		24D478FF2F4C7FA60031C7D7 /* Build configuration list for PBXProject "MovieDiary" */ = {
			isa = XCConfigurationList;
			buildConfigurations = (
				24D4790D2F4C7FA70031C7D7 /* Debug */,
				24D4790E2F4C7FA70031C7D7 /* Release */,
			);
			defaultConfigurationIsVisible = 0;
			defaultConfigurationName = Release;
		};
		24D4790F2F4C7FA70031C7D7 /* Build configuration list for PBXNativeTarget "MovieDiary" */ = {
			isa = XCConfigurationList;
			buildConfigurations = (
				24D479102F4C7FA70031C7D7 /* Debug */,
				24D479112F4C7FA70031C7D7 /* Release */,
			);
			defaultConfigurationIsVisible = 0;
			defaultConfigurationName = Release;
		};
/* End XCConfigurationList section */

/* Begin XCSwiftPackageProductDependency section */
		1E3238CF2F5B55E20081F9E9 /* EnvObjects */ = {
			isa = XCSwiftPackageProductDependency;
			productName = EnvObjects;
		};
		1E3238D62F5B56AF0081F9E9 /* ListUI */ = {
			isa = XCSwiftPackageProductDependency;
			productName = ListUI;
		};
		1E3238DB2F5B74E40081F9E9 /* DetailsUI */ = {
			isa = XCSwiftPackageProductDependency;
			productName = DetailsUI;
		};
		1E65B8992F5AE6DC00A1370D /* Models */ = {
			isa = XCSwiftPackageProductDependency;
			productName = Models;
		};
		1E65B89B2F5AE6DF00A1370D /* NetworkClient */ = {
			isa = XCSwiftPackageProductDependency;
			productName = NetworkClient;
		};
		1E65B89D2F5AE6E300A1370D /* Utils */ = {
			isa = XCSwiftPackageProductDependency;
			productName = Utils;
		};
		24AB470F2F5C734400F033BE /* ReusableComponents */ = {
			isa = XCSwiftPackageProductDependency;
			productName = ReusableComponents;
		};
/* End XCSwiftPackageProductDependency section */
	};
	rootObject = 24D478FC2F4C7FA60031C7D7 /* Project object */;
}
